
Microsoft Visual Studio Solution File, Format Version 12.00
# Visual Studio Version 16
VisualStudioVersion = 16.0.31205.134
MinimumVisualStudioVersion = 10.0.40219.1
Project("{FAE04EC0-301F-11D3-BF4B-00C04F79EFBC}") = "oop-class1", "oop-class1\oop-class1.csproj", "{C676E8A4-C6FA-41F4-8FB8-29746ED8BDBB}"
EndProject
Global
	GlobalSection(SolutionConfigurationPlatforms) = preSolution
		Debug|Any CPU = Debug|Any CPU
		Release|Any CPU = Release|Any CPU
	EndGlobalSection
	GlobalSection(ProjectConfigurationPlatforms) = postSolution
		{C676E8A4-C6FA-41F4-8FB8-29746ED8BDBB}.Debug|Any CPU.ActiveCfg = Debug|Any CPU
		{C676E8A4-C6FA-41F4-8FB8-29746ED8BDBB}.Debug|Any CPU.Build.0 = Debug|Any CPU
		{C676E8A4-C6FA-41F4-8FB8-29746ED8BDBB}.Release|Any CPU.ActiveCfg = Release|Any CPU
		{C676E8A4-C6FA-41F4-8FB8-29746ED8BDBB}.Release|Any CPU.Build.0 = Release|Any CPU
	EndGlobalSection
	GlobalSection(SolutionProperties) = preSolution
		HideSolutionNode = FALSE
	EndGlobalSection
	GlobalSection(ExtensibilityGlobals) = postSolution
		SolutionGuid = {A53B7F19-9E8F-4DA3-860E-9D1D985FF8D2}
	EndGlobalSection
EndGlobal
